{
  "nodes": {
    "alejandra": {
      "inputs": {
        "fenix": "fenix_2",
        "flakeCompat": "flakeCompat",
        "nixpkgs": [
          "webcord",
          "dream2nix",
          "nixpkgs"
        ]
      },
      "locked": {
        "lastModified": 1658427149,
        "narHash": "sha256-ToD/1z/q5VHsLMrS2h96vjJoLho59eNRtknOUd19ey8=",
        "owner": "kamadorueda",
        "repo": "alejandra",
        "rev": "f5a22afd2adfb249b4e68e0b33aa1f0fb73fb1be",
        "type": "github"
      },
      "original": {
        "owner": "kamadorueda",
        "repo": "alejandra",
        "type": "github"
      }
    },
    "btop-theme": {
      "flake": false,
      "locked": {
        "lastModified": 1664239314,
        "narHash": "sha256-ovVtupO5jWUw6cwA3xEzRe1juUB8ykfarMRVTglx3mk=",
        "owner": "catppuccin",
        "repo": "btop",
        "rev": "ecb8562bb6181bb9f2285c360bbafeb383249ec3",
        "type": "github"
      },
      "original": {
        "owner": "catppuccin",
        "repo": "btop",
        "type": "github"
      }
    },
    "cachix": {
      "locked": {
        "lastModified": 1659446231,
        "narHash": "sha256-hekabNdTdgR/iLsgce5TGWmfIDZ86qjPhxDg/8TlzhE=",
        "owner": "nixos",
        "repo": "nixpkgs",
        "rev": "eabc38219184cc3e04a974fe31857d8e0eac098d",
        "type": "github"
      },
      "original": {
        "owner": "nixos",
        "ref": "nixos-21.11",
        "repo": "nixpkgs",
        "type": "github"
      }
    },
    "catppuccin-discord": {
      "flake": false,
      "locked": {
        "lastModified": 1664791080,
        "narHash": "sha256-cWpog52Ft4hqGh8sMWhiLUQp/XXipOPnSTG6LwUAGGA=",
        "owner": "catppuccin",
        "repo": "discord",
        "rev": "159aac939d8c18da2e184c6581f5e13896e11697",
        "type": "github"
      },
      "original": {
        "owner": "catppuccin",
        "repo": "discord",
        "type": "github"
      }
    },
    "crane": {
      "inputs": {
        "flake-compat": "flake-compat",
        "flake-utils": "flake-utils",
        "nixpkgs": [
          "nixpkgs"
        ]
      },
      "locked": {
        "lastModified": 1664412889,
        "narHash": "sha256-gyVtTQf3CiXLe1cwNRFxqUqYl9BCmIDvK7hIpzR/oQU=",
        "owner": "ipetkov",
        "repo": "crane",
        "rev": "755acd231a7de182fdc772bee1b2a1f21d4ec9ed",
        "type": "github"
      },
      "original": {
        "owner": "ipetkov",
        "repo": "crane",
        "type": "github"
      }
    },
    "crane_2": {
      "inputs": {
        "flake-compat": "flake-compat_3",
        "flake-utils": "flake-utils_4",
        "nixpkgs": [
          "nixpkgs-f2k",
          "nixpkgs"
        ]
      },
      "locked": {
        "lastModified": 1664412889,
        "narHash": "sha256-gyVtTQf3CiXLe1cwNRFxqUqYl9BCmIDvK7hIpzR/oQU=",
        "owner": "ipetkov",
        "repo": "crane",
        "rev": "755acd231a7de182fdc772bee1b2a1f21d4ec9ed",
        "type": "github"
      },
      "original": {
        "owner": "ipetkov",
        "repo": "crane",
        "type": "github"
      }
    },
    "crane_3": {
      "flake": false,
      "locked": {
        "lastModified": 1661875961,
        "narHash": "sha256-f1h/2c6Teeu1ofAHWzrS8TwBPcnN+EEu+z1sRVmMQTk=",
        "owner": "ipetkov",
        "repo": "crane",
        "rev": "d9f394e4e20e97c2a60c3ad82c2b6ef99be19e24",
        "type": "github"
      },
      "original": {
        "owner": "ipetkov",
        "repo": "crane",
        "type": "github"
      }
    },
    "devshell": {
      "flake": false,
      "locked": {
        "lastModified": 1653917170,
        "narHash": "sha256-FyxOnEE/V4PNEcMU62ikY4FfYPo349MOhMM97HS0XEo=",
        "owner": "numtide",
        "repo": "devshell",
        "rev": "fc7a3e3adde9bbcab68af6d1e3c6eb738e296a92",
        "type": "github"
      },
      "original": {
        "owner": "numtide",
        "repo": "devshell",
        "type": "github"
      }
    },
    "dream2nix": {
      "inputs": {
        "alejandra": "alejandra",
        "crane": "crane_3",
        "devshell": "devshell",
        "flake-utils-pre-commit": "flake-utils-pre-commit",
        "gomod2nix": "gomod2nix",
        "mach-nix": "mach-nix",
        "nixpkgs": [
          "webcord",
          "nixpkgs"
        ],
        "poetry2nix": "poetry2nix",
        "pre-commit-hooks": "pre-commit-hooks"
      },
      "locked": {
        "lastModified": 1663678795,
        "narHash": "sha256-SkROcpe7lb46fpBnwMYooExP6WqttsRPeao1d9ykHho=",
        "owner": "nix-community",
        "repo": "dream2nix",
        "rev": "0f3b6c5dd1630d601ae6f456421b4dfed178f260",
        "type": "github"
      },
      "original": {
        "owner": "nix-community",
        "repo": "dream2nix",
        "type": "github"
      }
    },
    "fenix": {
      "inputs": {
        "nixpkgs": [
          "nixpkgs-f2k",
          "nixpkgs"
        ],
        "rust-analyzer-src": "rust-analyzer-src"
      },
      "locked": {
        "lastModified": 1637475807,
        "narHash": "sha256-E3nzOvlzZXwyo8Stp5upKsTCDcqUTYAFj4EC060A31c=",
        "owner": "nix-community",
        "repo": "fenix",
        "rev": "960e7fef45692a4fffc6df6d6b613b0399bbdfd5",
        "type": "github"
      },
      "original": {
        "owner": "nix-community",
        "repo": "fenix",
        "type": "github"
      }
    },
    "fenix_2": {
      "inputs": {
        "nixpkgs": [
          "webcord",
          "dream2nix",
          "alejandra",
          "nixpkgs"
        ],
        "rust-analyzer-src": "rust-analyzer-src_2"
      },
      "locked": {
        "lastModified": 1657607339,
        "narHash": "sha256-HaqoAwlbVVZH2n4P3jN2FFPMpVuhxDy1poNOR7kzODc=",
        "owner": "nix-community",
        "repo": "fenix",
        "rev": "b814c83d9e6aa5a28d0cf356ecfdafb2505ad37d",
        "type": "github"
      },
      "original": {
        "owner": "nix-community",
        "repo": "fenix",
        "type": "github"
      }
    },
    "flake-compat": {
      "flake": false,
      "locked": {
        "lastModified": 1650374568,
        "narHash": "sha256-Z+s0J8/r907g149rllvwhb4pKi8Wam5ij0st8PwAh+E=",
        "owner": "edolstra",
        "repo": "flake-compat",
        "rev": "b4a34015c698c7793d592d66adbab377907a2be8",
        "type": "github"
      },
      "original": {
        "owner": "edolstra",
        "repo": "flake-compat",
        "type": "github"
      }
    },
    "flake-compat_2": {
      "flake": false,
      "locked": {
        "lastModified": 1650374568,
        "narHash": "sha256-Z+s0J8/r907g149rllvwhb4pKi8Wam5ij0st8PwAh+E=",
        "owner": "edolstra",
        "repo": "flake-compat",
        "rev": "b4a34015c698c7793d592d66adbab377907a2be8",
        "type": "github"
      },
      "original": {
        "owner": "edolstra",
        "repo": "flake-compat",
        "type": "github"
      }
    },
    "flake-compat_3": {
      "flake": false,
      "locked": {
        "lastModified": 1650374568,
        "narHash": "sha256-Z+s0J8/r907g149rllvwhb4pKi8Wam5ij0st8PwAh+E=",
        "owner": "edolstra",
        "repo": "flake-compat",
        "rev": "b4a34015c698c7793d592d66adbab377907a2be8",
        "type": "github"
      },
      "original": {
        "owner": "edolstra",
        "repo": "flake-compat",
        "type": "github"
      }
    },
    "flake-compat_4": {
      "flake": false,
      "locked": {
        "lastModified": 1650374568,
        "narHash": "sha256-Z+s0J8/r907g149rllvwhb4pKi8Wam5ij0st8PwAh+E=",
        "owner": "edolstra",
        "repo": "flake-compat",
        "rev": "b4a34015c698c7793d592d66adbab377907a2be8",
        "type": "github"
      },
      "original": {
        "owner": "edolstra",
        "repo": "flake-compat",
        "type": "github"
      }
    },
    "flake-utils": {
      "locked": {
        "lastModified": 1659877975,
        "narHash": "sha256-zllb8aq3YO3h8B/U0/J1WBgAL8EX5yWf5pMj3G0NAmc=",
        "owner": "numtide",
        "repo": "flake-utils",
        "rev": "c0e246b9b83f637f4681389ecabcb2681b4f3af0",
        "type": "github"
      },
      "original": {
        "owner": "numtide",
        "repo": "flake-utils",
        "type": "github"
      }
    },
    "flake-utils-pre-commit": {
      "locked": {
        "lastModified": 1644229661,
        "narHash": "sha256-1YdnJAsNy69bpcjuoKdOYQX0YxZBiCYZo4Twxerqv7k=",
        "owner": "numtide",
        "repo": "flake-utils",
        "rev": "3cecb5b042f7f209c56ffd8371b2711a290ec797",
        "type": "github"
      },
      "original": {
        "owner": "numtide",
        "repo": "flake-utils",
        "type": "github"
      }
    },
    "flake-utils_2": {
      "locked": {
        "lastModified": 1659877975,
        "narHash": "sha256-zllb8aq3YO3h8B/U0/J1WBgAL8EX5yWf5pMj3G0NAmc=",
        "owner": "numtide",
        "repo": "flake-utils",
        "rev": "c0e246b9b83f637f4681389ecabcb2681b4f3af0",
        "type": "github"
      },
      "original": {
        "owner": "numtide",
        "repo": "flake-utils",
        "type": "github"
      }
    },
    "flake-utils_3": {
      "locked": {
        "lastModified": 1659877975,
        "narHash": "sha256-zllb8aq3YO3h8B/U0/J1WBgAL8EX5yWf5pMj3G0NAmc=",
        "owner": "numtide",
        "repo": "flake-utils",
        "rev": "c0e246b9b83f637f4681389ecabcb2681b4f3af0",
        "type": "github"
      },
      "original": {
        "owner": "numtide",
        "repo": "flake-utils",
        "type": "github"
      }
    },
    "flake-utils_4": {
      "locked": {
        "lastModified": 1659877975,
        "narHash": "sha256-zllb8aq3YO3h8B/U0/J1WBgAL8EX5yWf5pMj3G0NAmc=",
        "owner": "numtide",
        "repo": "flake-utils",
        "rev": "c0e246b9b83f637f4681389ecabcb2681b4f3af0",
        "type": "github"
      },
      "original": {
        "owner": "numtide",
        "repo": "flake-utils",
        "type": "github"
      }
    },
    "flake-utils_5": {
      "locked": {
        "lastModified": 1637014545,
        "narHash": "sha256-26IZAc5yzlD9FlDT54io1oqG/bBoyka+FJk5guaX4x4=",
        "owner": "numtide",
        "repo": "flake-utils",
        "rev": "bba5dcc8e0b20ab664967ad83d24d64cb64ec4f4",
        "type": "github"
      },
      "original": {
        "owner": "numtide",
        "repo": "flake-utils",
        "type": "github"
      }
    },
    "flake-utils_6": {
      "locked": {
        "lastModified": 1659877975,
        "narHash": "sha256-zllb8aq3YO3h8B/U0/J1WBgAL8EX5yWf5pMj3G0NAmc=",
        "owner": "numtide",
        "repo": "flake-utils",
        "rev": "c0e246b9b83f637f4681389ecabcb2681b4f3af0",
        "type": "github"
      },
      "original": {
        "owner": "numtide",
        "repo": "flake-utils",
        "type": "github"
      }
    },
    "flakeCompat": {
      "flake": false,
      "locked": {
        "lastModified": 1650374568,
        "narHash": "sha256-Z+s0J8/r907g149rllvwhb4pKi8Wam5ij0st8PwAh+E=",
        "owner": "edolstra",
        "repo": "flake-compat",
        "rev": "b4a34015c698c7793d592d66adbab377907a2be8",
        "type": "github"
      },
      "original": {
        "owner": "edolstra",
        "repo": "flake-compat",
        "type": "github"
      }
    },
    "fnlfmt-git": {
      "flake": false,
      "locked": {
        "lastModified": 1653241551,
        "narHash": "sha256-j2w1C4AVXtV+bt1V9ovaVQKQtxds+0+HZ2a+sl8rMIQ=",
        "owner": "~technomancy",
        "repo": "fnlfmt",
        "rev": "b2e81ab0d9dfe1214b4ea80b9b6f67ce546d0805",
        "type": "sourcehut"
      },
      "original": {
        "owner": "~technomancy",
        "repo": "fnlfmt",
        "type": "sourcehut"
      }
    },
    "geticons-source": {
      "flake": false,
      "locked": {
        "lastModified": 1660880789,
        "narHash": "sha256-HEnUfOLeRTi2dRRqjDPVwVVHo/GN9wE28x5qv3qOpCY=",
        "owner": "~zethra",
        "repo": "geticons",
        "rev": "a45ffdc152b2c13b9f388f86640378ecbbbd4169",
        "type": "sourcehut"
      },
      "original": {
        "owner": "~zethra",
        "repo": "geticons",
        "type": "sourcehut"
      }
    },
    "gomod2nix": {
      "flake": false,
      "locked": {
        "lastModified": 1627572165,
        "narHash": "sha256-MFpwnkvQpauj799b4QTBJQFEddbD02+Ln5k92QyHOSk=",
        "owner": "tweag",
        "repo": "gomod2nix",
        "rev": "67f22dd738d092c6ba88e420350ada0ed4992ae8",
        "type": "github"
      },
      "original": {
        "owner": "tweag",
        "repo": "gomod2nix",
        "type": "github"
      }
    },
    "grub-theme": {
      "flake": false,
      "locked": {
        "lastModified": 1664239314,
        "narHash": "sha256-op6Hu6qpErezhcSzI3D/lOTK+YMXrfvSVZKWx3VHMtk=",
        "owner": "catppuccin",
        "repo": "grub",
        "rev": "81e68949ffca426302c2e0387d861505b9ad8ce2",
        "type": "github"
      },
      "original": {
        "owner": "catppuccin",
        "repo": "grub",
        "type": "github"
      }
    },
    "home-manager": {
      "inputs": {
        "nixpkgs": [
          "nixpkgs"
        ],
        "utils": "utils"
      },
      "locked": {
        "lastModified": 1664783440,
        "narHash": "sha256-KlMwR7mUf5h8MPnzV7nGFUAt6ih/euW5xgvZ5x+hwvI=",
        "owner": "nix-community",
        "repo": "home-manager",
        "rev": "e4e639dd4dc3e431aa5b5f95325f9a66ac7e0dd9",
        "type": "github"
      },
      "original": {
        "owner": "nix-community",
        "repo": "home-manager",
        "type": "github"
      }
    },
    "hyprland": {
      "inputs": {
        "nixpkgs": [
          "nixpkgs"
        ],
        "wlroots": "wlroots"
      },
      "locked": {
        "lastModified": 1664833272,
        "narHash": "sha256-JEAUl0FKcaOMZ/+r5nwcUVR8vJcPl0MvtX3Rr8KhqbA=",
        "owner": "hyprwm",
        "repo": "Hyprland",
        "rev": "ff5843bd85c60a3e3a7d21f26f78c8604dbba63f",
        "type": "github"
      },
      "original": {
        "owner": "hyprwm",
        "repo": "Hyprland",
        "type": "github"
      }
    },
    "hyprpaper": {
      "inputs": {
        "nixpkgs": [
          "nixpkgs"
        ]
      },
      "locked": {
        "lastModified": 1664568383,
        "narHash": "sha256-KojBifIOkJ2WmO/lRjQIgPgUnX5Eu10U4VDg+1MB2co=",
        "owner": "hyprwm",
        "repo": "hyprpaper",
        "rev": "8f4c712950ad6a9bc7c7281c15a63f5fa06ba92b",
        "type": "github"
      },
      "original": {
        "owner": "hyprwm",
        "repo": "hyprpaper",
        "type": "github"
      }
    },
    "lib-aggregate": {
      "inputs": {
        "flake-utils": "flake-utils_6",
        "nixpkgs-lib": "nixpkgs-lib"
      },
      "locked": {
        "lastModified": 1664712710,
        "narHash": "sha256-TScFRDUO7vuHhPpMe1GNjHD+ciF0qgFWYGc0YM+HAds=",
        "owner": "nix-community",
        "repo": "lib-aggregate",
        "rev": "9b3defbae219e67143f89db6a3540ebaf3cf017a",
        "type": "github"
      },
      "original": {
        "owner": "nix-community",
        "repo": "lib-aggregate",
        "type": "github"
      }
    },
    "mach-nix": {
      "flake": false,
      "locked": {
        "lastModified": 1634711045,
        "narHash": "sha256-m5A2Ty88NChLyFhXucECj6+AuiMZPHXNbw+9Kcs7F6Y=",
        "owner": "DavHau",
        "repo": "mach-nix",
        "rev": "4433f74a97b94b596fa6cd9b9c0402104aceef5d",
        "type": "github"
      },
      "original": {
        "id": "mach-nix",
        "type": "indirect"
      }
    },
    "neovim-flake": {
      "inputs": {
        "flake-utils": "flake-utils_3",
        "nixpkgs": [
          "neovim-nightly",
          "nixpkgs"
        ]
      },
      "locked": {
        "dir": "contrib",
        "lastModified": 1664752840,
        "narHash": "sha256-dxecs+FwU8MWvTOjUiDM1VZh/z8SdDTwVXXMVYI0JVY=",
        "owner": "neovim",
        "repo": "neovim",
        "rev": "56998feebd6f7ec0ab68e44cba3425bf39d448b4",
        "type": "github"
      },
      "original": {
        "dir": "contrib",
        "owner": "neovim",
        "repo": "neovim",
        "type": "github"
      }
    },
    "neovim-nightly": {
      "inputs": {
        "flake-compat": "flake-compat_2",
        "neovim-flake": "neovim-flake",
        "nixpkgs": "nixpkgs"
      },
      "locked": {
        "lastModified": 1664785227,
        "narHash": "sha256-A2YGAxuT3WY+tPA/ww6JbYvld0acsicvxAIC/5r1gFk=",
        "owner": "nix-community",
        "repo": "neovim-nightly-overlay",
        "rev": "acc75b05773963b245e49f5e51e4fae9dbeea0a5",
        "type": "github"
      },
      "original": {
        "owner": "nix-community",
        "repo": "neovim-nightly-overlay",
        "type": "github"
      }
    },
    "nixpkgs": {
      "locked": {
        "lastModified": 1664753041,
        "narHash": "sha256-0ogaD8PaGHluARFeupofvk1Nq9gpVeZdlFM0Kcwguys=",
        "owner": "nixos",
        "repo": "nixpkgs",
        "rev": "a62844b302507c7531ad68a86cb7aa54704c9cb4",
        "type": "github"
      },
      "original": {
        "owner": "nixos",
        "ref": "nixpkgs-unstable",
        "repo": "nixpkgs",
        "type": "github"
      }
    },
    "nixpkgs-f2k": {
      "inputs": {
        "crane": "crane_2",
        "nixpkgs": "nixpkgs_3",
        "nixpkgs-fmt": "nixpkgs-fmt",
        "river-src": "river-src",
        "wezterm-src": "wezterm-src"
      },
      "locked": {
        "lastModified": 1664768585,
        "narHash": "sha256-ZDpi7GP/E0OUuQarIm22L+JTCpQciQpbV+zVe2Swz7Y=",
        "owner": "fortuneteller2k",
        "repo": "nixpkgs-f2k",
        "rev": "0b0de1f95567fb8e36983ae52e58b5e77229b612",
        "type": "github"
      },
      "original": {
        "owner": "fortuneteller2k",
        "repo": "nixpkgs-f2k",
        "type": "github"
      }
    },
    "nixpkgs-fmt": {
      "inputs": {
        "fenix": "fenix",
        "flake-utils": "flake-utils_5",
        "nixpkgs": [
          "nixpkgs-f2k",
          "nixpkgs"
        ]
      },
      "locked": {
        "lastModified": 1657716877,
        "narHash": "sha256-VZrLebgC/0lioEYh8oqJAhbfMyGtVNp6ASevf6t11IE=",
        "owner": "nix-community",
        "repo": "nixpkgs-fmt",
        "rev": "3c4addcc0aa9a6eb9fb64d9206733110d1153a52",
        "type": "github"
      },
      "original": {
        "owner": "nix-community",
        "repo": "nixpkgs-fmt",
        "type": "github"
      }
    },
    "nixpkgs-lib": {
      "locked": {
        "lastModified": 1664673153,
        "narHash": "sha256-Cx2eBUEXt8Q0L+0MSiajhpuVkwDf/4zbP8J0zLQAMNQ=",
        "owner": "nix-community",
        "repo": "nixpkgs.lib",
        "rev": "31f704cbbdb277df25ad2642876c485bc0d8f883",
        "type": "github"
      },
      "original": {
        "owner": "nix-community",
        "repo": "nixpkgs.lib",
        "type": "github"
      }
    },
    "nixpkgs-wayland": {
      "inputs": {
        "cachix": "cachix",
        "flake-compat": "flake-compat_4",
        "lib-aggregate": "lib-aggregate",
        "nixpkgs": [
          "nixpkgs"
        ]
      },
      "locked": {
        "lastModified": 1664808362,
        "narHash": "sha256-U5ydRaAii7aY4PcNvcezFvVlRH01JOcE9zk5oA9WTwE=",
        "owner": "nix-community",
        "repo": "nixpkgs-wayland",
        "rev": "e1fac08030100fecd16e8fc5e3ff6d9f0e986853",
        "type": "github"
      },
      "original": {
        "owner": "nix-community",
        "repo": "nixpkgs-wayland",
        "type": "github"
      }
    },
    "nixpkgs_2": {
      "locked": {
        "lastModified": 1664687381,
        "narHash": "sha256-9czSuDzS+OGGwq2kC4KXBLXWfYaup+oLB+AA1Md25U4=",
        "owner": "NixOS",
        "repo": "nixpkgs",
        "rev": "59d2991d4256cdca1c0cda45d876c80a0fe45c31",
        "type": "github"
      },
      "original": {
        "id": "nixpkgs",
        "ref": "nixos-unstable",
        "type": "indirect"
      }
    },
    "nixpkgs_3": {
      "locked": {
        "lastModified": 1664767485,
        "narHash": "sha256-OKtpOe5vhkea6vXCR7IcyahMKaH/eUSwl/5h3EQelbs=",
        "owner": "NixOS",
        "repo": "nixpkgs",
        "rev": "be183848ce866ee9a7b9fa704a5c9d9eb33c65e1",
        "type": "github"
      },
      "original": {
        "owner": "NixOS",
        "ref": "master",
        "repo": "nixpkgs",
        "type": "github"
      }
    },
    "nixpkgs_4": {
      "locked": {
        "lastModified": 1663684946,
        "narHash": "sha256-2+miCrlBWC3ELfz862mJ4U8qQyfiD+XLzD9p6k/WzCs=",
        "owner": "NixOS",
        "repo": "nixpkgs",
        "rev": "0d7222c92f0503d15176281c7182d2782dc1b6da",
        "type": "github"
      },
      "original": {
        "owner": "NixOS",
        "repo": "nixpkgs",
        "type": "github"
      }
    },
    "poetry2nix": {
      "flake": false,
      "locked": {
        "lastModified": 1632969109,
        "narHash": "sha256-jPDclkkiAy5m2gGLBlKgH+lQtbF7tL4XxBrbSzw+Ioc=",
        "owner": "nix-community",
        "repo": "poetry2nix",
        "rev": "aee8f04296c39d88155e05d25cfc59dfdd41cc77",
        "type": "github"
      },
      "original": {
        "owner": "nix-community",
        "ref": "1.21.0",
        "repo": "poetry2nix",
        "type": "github"
      }
    },
    "pre-commit-hooks": {
      "inputs": {
        "flake-utils": [
          "webcord",
          "dream2nix",
          "flake-utils-pre-commit"
        ],
        "nixpkgs": [
          "webcord",
          "dream2nix",
          "nixpkgs"
        ]
      },
      "locked": {
        "lastModified": 1646153636,
        "narHash": "sha256-AlWHMzK+xJ1mG267FdT8dCq/HvLCA6jwmx2ZUy5O8tY=",
        "owner": "cachix",
        "repo": "pre-commit-hooks.nix",
        "rev": "b6bc0b21e1617e2b07d8205e7fae7224036dfa4b",
        "type": "github"
      },
      "original": {
        "owner": "cachix",
        "repo": "pre-commit-hooks.nix",
        "type": "github"
      }
    },
    "river-src": {
      "flake": false,
      "locked": {
        "lastModified": 1663509225,
        "narHash": "sha256-orKL3imxpQXrSLj12Z3Zn5UuAW7P/JeOfoWCkb98eCM=",
        "ref": "master",
        "rev": "e35c147cd5b8fcd363b7ecc495292733b25d96f5",
        "revCount": 882,
        "submodules": true,
        "type": "git",
        "url": "https://github.com/riverwm/river.git"
      },
      "original": {
        "submodules": true,
        "type": "git",
        "url": "https://github.com/riverwm/river.git"
      }
    },
    "root": {
      "inputs": {
        "btop-theme": "btop-theme",
        "catppuccin-discord": "catppuccin-discord",
        "crane": "crane",
        "flake-utils": "flake-utils_2",
        "fnlfmt-git": "fnlfmt-git",
        "geticons-source": "geticons-source",
        "grub-theme": "grub-theme",
        "home-manager": "home-manager",
        "hyprland": "hyprland",
        "hyprpaper": "hyprpaper",
        "neovim-nightly": "neovim-nightly",
        "nixpkgs": "nixpkgs_2",
        "nixpkgs-f2k": "nixpkgs-f2k",
        "nixpkgs-wayland": "nixpkgs-wayland",
        "webcord": "webcord",
        "xresources": "xresources"
      }
    },
    "rust-analyzer-src": {
      "flake": false,
      "locked": {
        "lastModified": 1637439871,
        "narHash": "sha256-2awQ/obzl7zqYgLwbQL0zT58gN8Xq7n+81GcMiS595I=",
        "owner": "rust-analyzer",
        "repo": "rust-analyzer",
        "rev": "4566414789310acb2617543f4b50beab4bb48e06",
        "type": "github"
      },
      "original": {
        "owner": "rust-analyzer",
        "ref": "nightly",
        "repo": "rust-analyzer",
        "type": "github"
      }
    },
    "rust-analyzer-src_2": {
      "flake": false,
      "locked": {
        "lastModified": 1657557289,
        "narHash": "sha256-PRW+nUwuqNTRAEa83SfX+7g+g8nQ+2MMbasQ9nt6+UM=",
        "owner": "rust-lang",
        "repo": "rust-analyzer",
        "rev": "caf23f29144b371035b864a1017dbc32573ad56d",
        "type": "github"
      },
      "original": {
        "owner": "rust-lang",
        "ref": "nightly",
        "repo": "rust-analyzer",
        "type": "github"
      }
    },
    "utils": {
      "locked": {
        "lastModified": 1659877975,
        "narHash": "sha256-zllb8aq3YO3h8B/U0/J1WBgAL8EX5yWf5pMj3G0NAmc=",
        "owner": "numtide",
        "repo": "flake-utils",
        "rev": "c0e246b9b83f637f4681389ecabcb2681b4f3af0",
        "type": "github"
      },
      "original": {
        "owner": "numtide",
        "repo": "flake-utils",
        "type": "github"
      }
    },
    "webcord": {
      "inputs": {
        "dream2nix": "dream2nix",
        "nixpkgs": "nixpkgs_4",
        "webcord": "webcord_2"
      },
      "locked": {
        "lastModified": 1664817607,
        "narHash": "sha256-1c9doRBUy61lrkA5MTRF4xIE9VcnBxfWUGzXMnMm0CM=",
        "owner": "fufexan",
        "repo": "webcord-flake",
        "rev": "6fdcb79b9aa692acf95c2c9e05b7cd7fa426a385",
        "type": "github"
      },
      "original": {
        "owner": "fufexan",
        "repo": "webcord-flake",
        "type": "github"
      }
    },
    "webcord_2": {
      "flake": false,
      "locked": {
        "lastModified": 1663533822,
        "narHash": "sha256-TvlaaWu40La+CRD2+zXXRmyAF6LEU63eH/BuEQgUiQ4=",
        "owner": "SpacingBat3",
        "repo": "WebCord",
        "rev": "2df618b4669eaca06b2f635145d1293a612fa24c",
        "type": "github"
      },
      "original": {
        "owner": "SpacingBat3",
        "repo": "WebCord",
        "type": "github"
      }
    },
    "wezterm-src": {
      "flake": false,
      "locked": {
        "lastModified": 1664633543,
        "narHash": "sha256-Ii/PrMq0bByfgfv4t1PyO9D6VO2M+7WOQ4wGdNUqHIQ=",
        "ref": "main",
        "rev": "478109de07eed9d90462032cbf818e7e59889152",
        "revCount": 6375,
        "submodules": true,
        "type": "git",
        "url": "https://github.com/wez/wezterm.git"
      },
      "original": {
        "ref": "main",
        "submodules": true,
        "type": "git",
        "url": "https://github.com/wez/wezterm.git"
      }
    },
    "wlroots": {
      "flake": false,
      "locked": {
        "host": "gitlab.freedesktop.org",
        "lastModified": 1664816798,
        "narHash": "sha256-oLJyFT1Fc4UNNaDSN+EYUAWL4CufCBpuS5AV4Z4XANo=",
        "owner": "wlroots",
        "repo": "wlroots",
        "rev": "50cc1ef4d3791d86854dd83c15fff17e5ea1a5b6",
        "type": "gitlab"
      },
      "original": {
        "host": "gitlab.freedesktop.org",
        "owner": "wlroots",
        "repo": "wlroots",
        "type": "gitlab"
      }
    },
    "xresources": {
      "flake": false,
      "locked": {
        "lastModified": 1664239314,
        "narHash": "sha256-Y56iVj7lynkWesdqa35rSIMbu4zV9hZ9sFOjPES82DA=",
        "owner": "catppuccin",
        "repo": "xresources",
        "rev": "ba172a1ed3f60f9b801662063a298f243e31d85f",
        "type": "github"
      },
      "original": {
        "owner": "catppuccin",
        "repo": "xresources",
        "type": "github"
      }
    }
  },
  "root": "root",
  "version": 7
}
