{
  "nodes": {
    "alac": {
      "flake": false,
      "locked": {
        "lastModified": 1657913753,
        "narHash": "sha256-izvn4R02ueCHHd/mf9gw3AhM6bwsN62M7XF3aH1VbzM=",
        "owner": "ayosec",
        "repo": "alacritty",
        "rev": "8d2016bbef1adb2e469b1c3bb650ed891b099b98",
        "type": "github"
      },
      "original": {
        "owner": "ayosec",
        "ref": "graphics",
        "repo": "alacritty",
        "type": "github"
      }
    },
    "flake-compat": {
      "flake": false,
      "locked": {
        "lastModified": 1650374568,
        "narHash": "sha256-Z+s0J8/r907g149rllvwhb4pKi8Wam5ij0st8PwAh+E=",
        "owner": "edolstra",
        "repo": "flake-compat",
        "rev": "b4a34015c698c7793d592d66adbab377907a2be8",
        "type": "github"
      },
      "original": {
        "owner": "edolstra",
        "repo": "flake-compat",
        "type": "github"
      }
    },
    "flake-parts": {
      "inputs": {
        "nixpkgs": [
          "nh",
          "nixpkgs"
        ]
      },
      "locked": {
        "lastModified": 1655983956,
        "narHash": "sha256-2h986XafeFMRuIVy3CjfVgzz0cqYbaxfXzcqeCCGqEU=",
        "owner": "hercules-ci",
        "repo": "flake-parts",
        "rev": "9b0000f75f6a53c0814264e27ca32f4bddeb15cc",
        "type": "github"
      },
      "original": {
        "owner": "hercules-ci",
        "repo": "flake-parts",
        "type": "github"
      }
    },
    "flake-utils": {
      "locked": {
        "lastModified": 1656928814,
        "narHash": "sha256-RIFfgBuKz6Hp89yRr7+NR5tzIAbn52h8vT6vXkYjZoM=",
        "owner": "numtide",
        "repo": "flake-utils",
        "rev": "7e2a3b3dfd9af950a856d66b0a7d01e3c18aa249",
        "type": "github"
      },
      "original": {
        "owner": "numtide",
        "repo": "flake-utils",
        "type": "github"
      }
    },
    "flake-utils_2": {
      "locked": {
        "lastModified": 1644229661,
        "narHash": "sha256-1YdnJAsNy69bpcjuoKdOYQX0YxZBiCYZo4Twxerqv7k=",
        "owner": "numtide",
        "repo": "flake-utils",
        "rev": "3cecb5b042f7f209c56ffd8371b2711a290ec797",
        "type": "github"
      },
      "original": {
        "owner": "numtide",
        "repo": "flake-utils",
        "type": "github"
      }
    },
    "home-manager": {
      "inputs": {
        "nixpkgs": [
          "nixpkgs"
        ],
        "utils": "utils"
      },
      "locked": {
        "lastModified": 1658751516,
        "narHash": "sha256-Y/3dHoTjbvYBtWd+TTBQJUIgDPO9d+Gqt05C5dyR7E4=",
        "owner": "nix-community",
        "repo": "home-manager",
        "rev": "dbed4c794d20d51027fc1107f063ec5be027dafc",
        "type": "github"
      },
      "original": {
        "owner": "nix-community",
        "repo": "home-manager",
        "type": "github"
      }
    },
    "neovim-flake": {
      "inputs": {
        "flake-utils": "flake-utils_2",
        "nixpkgs": [
          "neovim-nightly-overlay",
          "nixpkgs"
        ]
      },
      "locked": {
        "dir": "contrib",
        "lastModified": 1658896062,
        "narHash": "sha256-LJJaybijEjZJHFqpXX9dpTsGpK3NMEUaKAEuCYET+Dw=",
        "owner": "neovim",
        "repo": "neovim",
        "rev": "57ce6c2b8ff1dc3045f6e6be325d3e6b6b4fb15c",
        "type": "github"
      },
      "original": {
        "dir": "contrib",
        "owner": "neovim",
        "repo": "neovim",
        "type": "github"
      }
    },
    "neovim-nightly-overlay": {
      "inputs": {
        "flake-compat": "flake-compat",
        "neovim-flake": "neovim-flake",
        "nixpkgs": "nixpkgs"
      },
      "locked": {
        "lastModified": 1658909778,
        "narHash": "sha256-Eu7GyXO9JCTYYJiuSJ28Z18fV1Ufwx0BNDpuTv+2Wkc=",
        "owner": "nix-community",
        "repo": "neovim-nightly-overlay",
        "rev": "36ccc9c4bbe52ec826c51f1d991982e78174039b",
        "type": "github"
      },
      "original": {
        "owner": "nix-community",
        "repo": "neovim-nightly-overlay",
        "type": "github"
      }
    },
    "nh": {
      "inputs": {
        "flake-parts": "flake-parts",
        "nixpkgs": [
          "nixpkgs"
        ]
      },
      "locked": {
        "lastModified": 1658050733,
        "narHash": "sha256-G0fpaZsQ+fPN/eZakw8rGtgEi5MH85/ew+KlRRSr4LE=",
        "owner": "viperML",
        "repo": "nh",
        "rev": "08e0036e04ba92ef72a24c368b840a8528d07b6d",
        "type": "github"
      },
      "original": {
        "owner": "viperML",
        "repo": "nh",
        "type": "github"
      }
    },
    "nixpkgs": {
      "locked": {
        "lastModified": 1658737577,
        "narHash": "sha256-xosJ5nJT9HX+b6UWsSX6R+ap4AdZOCrl/r+IKFp2ASQ=",
        "owner": "nixos",
        "repo": "nixpkgs",
        "rev": "5a0e0d73b944157328d54c4ded1cf2f0146a86a5",
        "type": "github"
      },
      "original": {
        "owner": "nixos",
        "ref": "nixos-unstable",
        "repo": "nixpkgs",
        "type": "github"
      }
    },
    "nixpkgs-f2k": {
      "inputs": {
        "nixpkgs": "nixpkgs_3",
        "river-src": "river-src",
        "wezterm-src": "wezterm-src"
      },
      "locked": {
        "lastModified": 1658894092,
        "narHash": "sha256-SNqbL2dneqwojy9uY3sx5CzSG/rTBiNbNBunQnvhAns=",
        "owner": "fortuneteller2k",
        "repo": "nixpkgs-f2k",
        "rev": "12471c17ab0a7fa58716b403fc53e5db8b70503e",
        "type": "github"
      },
      "original": {
        "owner": "fortuneteller2k",
        "repo": "nixpkgs-f2k",
        "type": "github"
      }
    },
    "nixpkgs_2": {
      "locked": {
        "lastModified": 1658737577,
        "narHash": "sha256-xosJ5nJT9HX+b6UWsSX6R+ap4AdZOCrl/r+IKFp2ASQ=",
        "owner": "NixOS",
        "repo": "nixpkgs",
        "rev": "5a0e0d73b944157328d54c4ded1cf2f0146a86a5",
        "type": "github"
      },
      "original": {
        "id": "nixpkgs",
        "ref": "nixos-unstable",
        "type": "indirect"
      }
    },
    "nixpkgs_3": {
      "locked": {
        "lastModified": 1658893326,
        "narHash": "sha256-3yzdFURBng/nmevGw5LL6e2E5Dt3UxMXk3PgLjjGhHY=",
        "owner": "NixOS",
        "repo": "nixpkgs",
        "rev": "0011e576fb992ea9305d3c49387d09a84eadd596",
        "type": "github"
      },
      "original": {
        "owner": "NixOS",
        "ref": "master",
        "repo": "nixpkgs",
        "type": "github"
      }
    },
    "river-src": {
      "flake": false,
      "locked": {
        "lastModified": 1658845504,
        "narHash": "sha256-Sb2EoVW06Iq734PHTw8+F2Q3DdAolOfvmKebqmqMiTU=",
        "ref": "master",
        "rev": "d4b2f2b0fc5766c8ae14a6f42fe76d058bfb3505",
        "revCount": 873,
        "submodules": true,
        "type": "git",
        "url": "https://github.com/riverwm/river.git"
      },
      "original": {
        "submodules": true,
        "type": "git",
        "url": "https://github.com/riverwm/river.git"
      }
    },
    "root": {
      "inputs": {
        "alac": "alac",
        "flake-utils": "flake-utils",
        "home-manager": "home-manager",
        "neovim-nightly-overlay": "neovim-nightly-overlay",
        "nh": "nh",
        "nixpkgs": "nixpkgs_2",
        "nixpkgs-f2k": "nixpkgs-f2k",
        "xresources": "xresources"
      }
    },
    "utils": {
      "locked": {
        "lastModified": 1653893745,
        "narHash": "sha256-0jntwV3Z8//YwuOjzhV2sgJJPt+HY6KhU7VZUL0fKZQ=",
        "owner": "numtide",
        "repo": "flake-utils",
        "rev": "1ed9fb1935d260de5fe1c2f7ee0ebaae17ed2fa1",
        "type": "github"
      },
      "original": {
        "owner": "numtide",
        "repo": "flake-utils",
        "type": "github"
      }
    },
    "wezterm-src": {
      "flake": false,
      "locked": {
        "lastModified": 1658887367,
        "narHash": "sha256-Pmd5I2p2BDhJ3Mm7uGZjWYladZN2x8MMtquP4+TVtJ0=",
        "ref": "main",
        "rev": "cb89f2c36e08e74512ee7b8e1aff3bf461f774c2",
        "revCount": 6055,
        "submodules": true,
        "type": "git",
        "url": "https://github.com/wez/wezterm.git"
      },
      "original": {
        "ref": "main",
        "submodules": true,
        "type": "git",
        "url": "https://github.com/wez/wezterm.git"
      }
    },
    "xresources": {
      "flake": false,
      "locked": {
        "lastModified": 1656943585,
        "narHash": "sha256-xyqXjlB6gAJiId6VrD9bWXbHQBOXlkcacfMCbeg43bk=",
        "owner": "catppuccin",
        "repo": "xresources",
        "rev": "a9cd582faeef2f7410eb7d4b5a83d026e3f2b865",
        "type": "github"
      },
      "original": {
        "owner": "catppuccin",
        "repo": "xresources",
        "type": "github"
      }
    }
  },
  "root": "root",
  "version": 7
}
